
Microsoft Visual Studio Solution File, Format Version 12.00
# Visual Studio Version 17
VisualStudioVersion = 17.0.31903.59
MinimumVisualStudioVersion = 10.0.40219.1
Project("{2150E333-8FDC-42A3-9474-1A3956D46DE8}") = "SOURCE", "SOURCE", "{827E0CD3-B72D-47B6-A68D-7590B98EB39B}"
EndProject
Project("{2150E333-8FDC-42A3-9474-1A3956D46DE8}") = "Core", "Core", "{8D626EA8-CB54-BC41-363A-217881BEBA6E}"
EndProject
Project("{FAE04EC0-301F-11D3-BF4B-00C04F79EFBC}") = "RichMove.SmartPay.Core", "SOURCE\Core\RichMove.SmartPay.Core.csproj", "{3CB53289-59C4-4296-974C-0DE13E73680E}"
EndProject
Project("{FAE04EC0-301F-11D3-BF4B-00C04F79EFBC}") = "RichMove.SmartPay.Infrastructure", "SOURCE\Infrastructure\RichMove.SmartPay.Infrastructure.csproj", "{CF5EB003-2979-4C56-AE80-A285B916CA0A}"
EndProject
Project("{FAE04EC0-301F-11D3-BF4B-00C04F79EFBC}") = "RichMove.SmartPay.Api", "SOURCE\Api\RichMove.SmartPay.Api.csproj", "{1EF7DE5B-0BB5-464C-922B-99B6AE60F7EF}"
EndProject
Project("{FAE04EC0-301F-11D3-BF4B-00C04F79EFBC}") = "RichMove.SmartPay.Core.Tests", "TESTS\Core.Tests\RichMove.SmartPay.Core.Tests.csproj", "{F8446FAE-8BCC-4E2B-B4C0-28EE41796EF7}"
EndProject
Project("{FAE04EC0-301F-11D3-BF4B-00C04F79EFBC}") = "RichMove.SmartPay.Api.Tests", "TESTS\Api.Tests\RichMove.SmartPay.Api.Tests.csproj", "{1CA71C33-6BE9-4CA7-A5B0-A819122E5822}"
EndProject
Project("{FAE04EC0-301F-11D3-BF4B-00C04F79EFBC}") = "SmartPay.PerfRunner", "PERF\PerfRunner\SmartPay.PerfRunner.csproj", "{2A8F6C7D-4E5B-4C2A-B1F3-8D9E6F7A2B4C}"
EndProject
Project("{FAE04EC0-301F-11D3-BF4B-00C04F79EFBC}") = "EnumDupes.Tests", "TESTS\CodeHealth\EnumDupes.Tests\EnumDupes.Tests.csproj", "{29934A76-35DB-4A38-BB5A-4180D24E8306}"
EndProject
Project("{FAE04EC0-301F-11D3-BF4B-00C04F79EFBC}") = "SmartPay.AdminBlazor", "ADMIN\SmartPay.AdminBlazor\SmartPay.AdminBlazor.csproj", "{0CE5C648-01D4-43CD-A88C-BBDAC1074C94}"
EndProject
Global
	GlobalSection(SolutionConfigurationPlatforms) = preSolution
		Debug|Any CPU = Debug|Any CPU
		Debug|x64 = Debug|x64
		Debug|x86 = Debug|x86
		Release|Any CPU = Release|Any CPU
		Release|x64 = Release|x64
		Release|x86 = Release|x86
	EndGlobalSection
	GlobalSection(ProjectConfigurationPlatforms) = postSolution
		{3CB53289-59C4-4296-974C-0DE13E73680E}.Debug|Any CPU.ActiveCfg = Debug|Any CPU
		{3CB53289-59C4-4296-974C-0DE13E73680E}.Debug|Any CPU.Build.0 = Debug|Any CPU
		{3CB53289-59C4-4296-974C-0DE13E73680E}.Debug|x64.ActiveCfg = Debug|Any CPU
		{3CB53289-59C4-4296-974C-0DE13E73680E}.Debug|x64.Build.0 = Debug|Any CPU
		{3CB53289-59C4-4296-974C-0DE13E73680E}.Debug|x86.ActiveCfg = Debug|Any CPU
		{3CB53289-59C4-4296-974C-0DE13E73680E}.Debug|x86.Build.0 = Debug|Any CPU
		{3CB53289-59C4-4296-974C-0DE13E73680E}.Release|Any CPU.ActiveCfg = Release|Any CPU
		{3CB53289-59C4-4296-974C-0DE13E73680E}.Release|Any CPU.Build.0 = Release|Any CPU
		{3CB53289-59C4-4296-974C-0DE13E73680E}.Release|x64.ActiveCfg = Release|Any CPU
		{3CB53289-59C4-4296-974C-0DE13E73680E}.Release|x64.Build.0 = Release|Any CPU
		{3CB53289-59C4-4296-974C-0DE13E73680E}.Release|x86.ActiveCfg = Release|Any CPU
		{3CB53289-59C4-4296-974C-0DE13E73680E}.Release|x86.Build.0 = Release|Any CPU
		{CF5EB003-2979-4C56-AE80-A285B916CA0A}.Debug|Any CPU.ActiveCfg = Debug|Any CPU
		{CF5EB003-2979-4C56-AE80-A285B916CA0A}.Debug|Any CPU.Build.0 = Debug|Any CPU
		{CF5EB003-2979-4C56-AE80-A285B916CA0A}.Debug|x64.ActiveCfg = Debug|Any CPU
		{CF5EB003-2979-4C56-AE80-A285B916CA0A}.Debug|x64.Build.0 = Debug|Any CPU
		{CF5EB003-2979-4C56-AE80-A285B916CA0A}.Debug|x86.ActiveCfg = Debug|Any CPU
		{CF5EB003-2979-4C56-AE80-A285B916CA0A}.Debug|x86.Build.0 = Debug|Any CPU
		{CF5EB003-2979-4C56-AE80-A285B916CA0A}.Release|Any CPU.ActiveCfg = Release|Any CPU
		{CF5EB003-2979-4C56-AE80-A285B916CA0A}.Release|Any CPU.Build.0 = Release|Any CPU
		{CF5EB003-2979-4C56-AE80-A285B916CA0A}.Release|x64.ActiveCfg = Release|Any CPU
		{CF5EB003-2979-4C56-AE80-A285B916CA0A}.Release|x64.Build.0 = Release|Any CPU
		{CF5EB003-2979-4C56-AE80-A285B916CA0A}.Release|x86.ActiveCfg = Release|Any CPU
		{CF5EB003-2979-4C56-AE80-A285B916CA0A}.Release|x86.Build.0 = Release|Any CPU
		{1EF7DE5B-0BB5-464C-922B-99B6AE60F7EF}.Debug|Any CPU.ActiveCfg = Debug|Any CPU
		{1EF7DE5B-0BB5-464C-922B-99B6AE60F7EF}.Debug|Any CPU.Build.0 = Debug|Any CPU
		{1EF7DE5B-0BB5-464C-922B-99B6AE60F7EF}.Debug|x64.ActiveCfg = Debug|Any CPU
		{1EF7DE5B-0BB5-464C-922B-99B6AE60F7EF}.Debug|x64.Build.0 = Debug|Any CPU
		{1EF7DE5B-0BB5-464C-922B-99B6AE60F7EF}.Debug|x86.ActiveCfg = Debug|Any CPU
		{1EF7DE5B-0BB5-464C-922B-99B6AE60F7EF}.Debug|x86.Build.0 = Debug|Any CPU
		{1EF7DE5B-0BB5-464C-922B-99B6AE60F7EF}.Release|Any CPU.ActiveCfg = Release|Any CPU
		{1EF7DE5B-0BB5-464C-922B-99B6AE60F7EF}.Release|Any CPU.Build.0 = Release|Any CPU
		{1EF7DE5B-0BB5-464C-922B-99B6AE60F7EF}.Release|x64.ActiveCfg = Release|Any CPU
		{1EF7DE5B-0BB5-464C-922B-99B6AE60F7EF}.Release|x64.Build.0 = Release|Any CPU
		{1EF7DE5B-0BB5-464C-922B-99B6AE60F7EF}.Release|x86.ActiveCfg = Release|Any CPU
		{1EF7DE5B-0BB5-464C-922B-99B6AE60F7EF}.Release|x86.Build.0 = Release|Any CPU
		{F8446FAE-8BCC-4E2B-B4C0-28EE41796EF7}.Debug|Any CPU.ActiveCfg = Debug|Any CPU
		{F8446FAE-8BCC-4E2B-B4C0-28EE41796EF7}.Debug|Any CPU.Build.0 = Debug|Any CPU
		{F8446FAE-8BCC-4E2B-B4C0-28EE41796EF7}.Debug|x64.ActiveCfg = Debug|Any CPU
		{F8446FAE-8BCC-4E2B-B4C0-28EE41796EF7}.Debug|x64.Build.0 = Debug|Any CPU
		{F8446FAE-8BCC-4E2B-B4C0-28EE41796EF7}.Debug|x86.ActiveCfg = Debug|Any CPU
		{F8446FAE-8BCC-4E2B-B4C0-28EE41796EF7}.Debug|x86.Build.0 = Debug|Any CPU
		{F8446FAE-8BCC-4E2B-B4C0-28EE41796EF7}.Release|Any CPU.ActiveCfg = Release|Any CPU
		{F8446FAE-8BCC-4E2B-B4C0-28EE41796EF7}.Release|Any CPU.Build.0 = Release|Any CPU
		{F8446FAE-8BCC-4E2B-B4C0-28EE41796EF7}.Release|x64.ActiveCfg = Release|Any CPU
		{F8446FAE-8BCC-4E2B-B4C0-28EE41796EF7}.Release|x64.Build.0 = Release|Any CPU
		{F8446FAE-8BCC-4E2B-B4C0-28EE41796EF7}.Release|x86.ActiveCfg = Release|Any CPU
		{F8446FAE-8BCC-4E2B-B4C0-28EE41796EF7}.Release|x86.Build.0 = Release|Any CPU
		{1CA71C33-6BE9-4CA7-A5B0-A819122E5822}.Debug|Any CPU.ActiveCfg = Debug|Any CPU
		{1CA71C33-6BE9-4CA7-A5B0-A819122E5822}.Debug|Any CPU.Build.0 = Debug|Any CPU
		{1CA71C33-6BE9-4CA7-A5B0-A819122E5822}.Debug|x64.ActiveCfg = Debug|Any CPU
		{1CA71C33-6BE9-4CA7-A5B0-A819122E5822}.Debug|x64.Build.0 = Debug|Any CPU
		{1CA71C33-6BE9-4CA7-A5B0-A819122E5822}.Debug|x86.ActiveCfg = Debug|Any CPU
		{1CA71C33-6BE9-4CA7-A5B0-A819122E5822}.Debug|x86.Build.0 = Debug|Any CPU
		{1CA71C33-6BE9-4CA7-A5B0-A819122E5822}.Release|Any CPU.ActiveCfg = Release|Any CPU
		{1CA71C33-6BE9-4CA7-A5B0-A819122E5822}.Release|Any CPU.Build.0 = Release|Any CPU
		{1CA71C33-6BE9-4CA7-A5B0-A819122E5822}.Release|x64.ActiveCfg = Release|Any CPU
		{1CA71C33-6BE9-4CA7-A5B0-A819122E5822}.Release|x64.Build.0 = Release|Any CPU
		{1CA71C33-6BE9-4CA7-A5B0-A819122E5822}.Release|x86.ActiveCfg = Release|Any CPU
		{1CA71C33-6BE9-4CA7-A5B0-A819122E5822}.Release|x86.Build.0 = Release|Any CPU
		{2A8F6C7D-4E5B-4C2A-B1F3-8D9E6F7A2B4C}.Debug|Any CPU.ActiveCfg = Debug|Any CPU
		{2A8F6C7D-4E5B-4C2A-B1F3-8D9E6F7A2B4C}.Debug|Any CPU.Build.0 = Debug|Any CPU
		{2A8F6C7D-4E5B-4C2A-B1F3-8D9E6F7A2B4C}.Debug|x64.ActiveCfg = Debug|Any CPU
		{2A8F6C7D-4E5B-4C2A-B1F3-8D9E6F7A2B4C}.Debug|x64.Build.0 = Debug|Any CPU
		{2A8F6C7D-4E5B-4C2A-B1F3-8D9E6F7A2B4C}.Debug|x86.ActiveCfg = Debug|Any CPU
		{2A8F6C7D-4E5B-4C2A-B1F3-8D9E6F7A2B4C}.Debug|x86.Build.0 = Debug|Any CPU
		{2A8F6C7D-4E5B-4C2A-B1F3-8D9E6F7A2B4C}.Release|Any CPU.ActiveCfg = Release|Any CPU
		{2A8F6C7D-4E5B-4C2A-B1F3-8D9E6F7A2B4C}.Release|Any CPU.Build.0 = Release|Any CPU
		{2A8F6C7D-4E5B-4C2A-B1F3-8D9E6F7A2B4C}.Release|x64.ActiveCfg = Release|Any CPU
		{2A8F6C7D-4E5B-4C2A-B1F3-8D9E6F7A2B4C}.Release|x64.Build.0 = Release|Any CPU
		{2A8F6C7D-4E5B-4C2A-B1F3-8D9E6F7A2B4C}.Release|x86.ActiveCfg = Release|Any CPU
		{2A8F6C7D-4E5B-4C2A-B1F3-8D9E6F7A2B4C}.Release|x86.Build.0 = Release|Any CPU
		{29934A76-35DB-4A38-BB5A-4180D24E8306}.Debug|Any CPU.ActiveCfg = Debug|Any CPU
		{29934A76-35DB-4A38-BB5A-4180D24E8306}.Debug|Any CPU.Build.0 = Debug|Any CPU
		{29934A76-35DB-4A38-BB5A-4180D24E8306}.Debug|x64.ActiveCfg = Debug|Any CPU
		{29934A76-35DB-4A38-BB5A-4180D24E8306}.Debug|x64.Build.0 = Debug|Any CPU
		{29934A76-35DB-4A38-BB5A-4180D24E8306}.Debug|x86.ActiveCfg = Debug|Any CPU
		{29934A76-35DB-4A38-BB5A-4180D24E8306}.Debug|x86.Build.0 = Debug|Any CPU
		{29934A76-35DB-4A38-BB5A-4180D24E8306}.Release|Any CPU.ActiveCfg = Release|Any CPU
		{29934A76-35DB-4A38-BB5A-4180D24E8306}.Release|Any CPU.Build.0 = Release|Any CPU
		{29934A76-35DB-4A38-BB5A-4180D24E8306}.Release|x64.ActiveCfg = Release|Any CPU
		{29934A76-35DB-4A38-BB5A-4180D24E8306}.Release|x64.Build.0 = Release|Any CPU
		{29934A76-35DB-4A38-BB5A-4180D24E8306}.Release|x86.ActiveCfg = Release|Any CPU
		{29934A76-35DB-4A38-BB5A-4180D24E8306}.Release|x86.Build.0 = Release|Any CPU
		{0CE5C648-01D4-43CD-A88C-BBDAC1074C94}.Debug|Any CPU.ActiveCfg = Debug|Any CPU
		{0CE5C648-01D4-43CD-A88C-BBDAC1074C94}.Debug|Any CPU.Build.0 = Debug|Any CPU
		{0CE5C648-01D4-43CD-A88C-BBDAC1074C94}.Debug|x64.ActiveCfg = Debug|Any CPU
		{0CE5C648-01D4-43CD-A88C-BBDAC1074C94}.Debug|x64.Build.0 = Debug|Any CPU
		{0CE5C648-01D4-43CD-A88C-BBDAC1074C94}.Debug|x86.ActiveCfg = Debug|Any CPU
		{0CE5C648-01D4-43CD-A88C-BBDAC1074C94}.Debug|x86.Build.0 = Debug|Any CPU
		{0CE5C648-01D4-43CD-A88C-BBDAC1074C94}.Release|Any CPU.ActiveCfg = Release|Any CPU
		{0CE5C648-01D4-43CD-A88C-BBDAC1074C94}.Release|Any CPU.Build.0 = Release|Any CPU
		{0CE5C648-01D4-43CD-A88C-BBDAC1074C94}.Release|x64.ActiveCfg = Release|Any CPU
		{0CE5C648-01D4-43CD-A88C-BBDAC1074C94}.Release|x64.Build.0 = Release|Any CPU
		{0CE5C648-01D4-43CD-A88C-BBDAC1074C94}.Release|x86.ActiveCfg = Release|Any CPU
		{0CE5C648-01D4-43CD-A88C-BBDAC1074C94}.Release|x86.Build.0 = Release|Any CPU
	EndGlobalSection
	GlobalSection(SolutionProperties) = preSolution
		HideSolutionNode = FALSE
	EndGlobalSection
	GlobalSection(NestedProjects) = preSolution
		{8D626EA8-CB54-BC41-363A-217881BEBA6E} = {827E0CD3-B72D-47B6-A68D-7590B98EB39B}
		{3CB53289-59C4-4296-974C-0DE13E73680E} = {8D626EA8-CB54-BC41-363A-217881BEBA6E}
		{CF5EB003-2979-4C56-AE80-A285B916CA0A} = {8D626EA8-CB54-BC41-363A-217881BEBA6E}
		{1EF7DE5B-0BB5-464C-922B-99B6AE60F7EF} = {8D626EA8-CB54-BC41-363A-217881BEBA6E}
		{F8446FAE-8BCC-4E2B-B4C0-28EE41796EF7} = {8D626EA8-CB54-BC41-363A-217881BEBA6E}
		{1CA71C33-6BE9-4CA7-A5B0-A819122E5822} = {8D626EA8-CB54-BC41-363A-217881BEBA6E}
		{2A8F6C7D-4E5B-4C2A-B1F3-8D9E6F7A2B4C} = {8D626EA8-CB54-BC41-363A-217881BEBA6E}
	EndGlobalSection
EndGlobal
